
Microsoft Visual Studio Solution File, Format Version 12.00
# Visual Studio Version 17
VisualStudioVersion = 17.0.32112.339
MinimumVisualStudioVersion = 10.0.40219.1
Project("{FAE04EC0-301F-11D3-BF4B-00C04F79EFBC}") = "Library_System", "Library_System\Library_System.csproj", "{A646E456-0772-46C2-ACD5-BD9DAEBB8E3D}"
EndProject
Global
	GlobalSection(SolutionConfigurationPlatforms) = preSolution
		Debug|Any CPU = Debug|Any CPU
		Release|Any CPU = Release|Any CPU
	EndGlobalSection
	GlobalSection(ProjectConfigurationPlatforms) = postSolution
		{A646E456-0772-46C2-ACD5-BD9DAEBB8E3D}.Debug|Any CPU.ActiveCfg = Debug|Any CPU
		{A646E456-0772-46C2-ACD5-BD9DAEBB8E3D}.Debug|Any CPU.Build.0 = Debug|Any CPU
		{A646E456-0772-46C2-ACD5-BD9DAEBB8E3D}.Release|Any CPU.ActiveCfg = Release|Any CPU
		{A646E456-0772-46C2-ACD5-BD9DAEBB8E3D}.Release|Any CPU.Build.0 = Release|Any CPU
	EndGlobalSection
	GlobalSection(SolutionProperties) = preSolution
		HideSolutionNode = FALSE
	EndGlobalSection
	GlobalSection(ExtensibilityGlobals) = postSolution
		SolutionGuid = {396F610D-544B-4A1E-8542-DF86776897C6}
	EndGlobalSection
EndGlobal
